github.com/Masterminds/squirrel v0.0.0-20181219164546-b56af2301db7 h1:2DqMGckE0K4JXYwpwl9FG7dGAvC+wekj5JStS17U/uw=
github.com/Masterminds/squirrel v0.0.0-20181219164546-b56af2301db7/go.mod h1:yaPeOnPG5ZRwL9oKdTsO/prlkPbXWZlRVMQ/gGlzIuA=
github.com/Masterminds/squirrel v0.0.0-20190107164353-fa735ea14f09 h1:enWVS77aJkLWVIUExiqF6A8eWTVzCXUKUvkST3/wyKI=
github.com/Masterminds/squirrel v0.0.0-20190107164353-fa735ea14f09/go.mod h1:yaPeOnPG5ZRwL9oKdTsO/prlkPbXWZlRVMQ/gGlzIuA=
github.com/Masterminds/squirrel v1.1.0 h1:baP1qLdoQCeTw3ifCdOq2dkYc6vGcmRdaociKLbEJXs=
github.com/Masterminds/squirrel v1.1.0/go.mod h1:yaPeOnPG5ZRwL9oKdTsO/prlkPbXWZlRVMQ/gGlzIuA=
github.com/bakape/boorufetch v0.0.0-20181220205724-8ffa0df4bacc h1:dQQ7jAGLJIunMRc3biWolAD9EfmnOlGitFjUcXxJq+M=
github.com/bakape/boorufetch v0.0.0-20181220205724-8ffa0df4bacc/go.mod h1:5w+CugEba6no6uHTyaDMjZeYq5Xir8C6A9xtZr/wsbs=
github.com/bakape/boorufetch v1.0.0 h1:Cv4LAxZUYYUNmmgMFDrgyoeOHKROTUsE83vLaMnciSg=
github.com/bakape/boorufetch v1.0.0/go.mod h1:5w+CugEba6no6uHTyaDMjZeYq5Xir8C6A9xtZr/wsbs=
github.com/bakape/boorufetch v1.0.1 h1:lTgxhYNQazFB/0SElkkcH3xX6URlHxvTiPgtbt4hIQ0=
github.com/bakape/boorufetch v1.0.1/go.mod h1:5w+CugEba6no6uHTyaDMjZeYq5Xir8C6A9xtZr/wsbs=
github.com/bakape/boorufetch v1.0.2 h1:vNj0V5Mgn+66OfNGYl5CH4y+v9vKaWJTpYsdBGLLL6g=
github.com/bakape/boorufetch v1.0.2/go.mod h1:2W7Hvc2VN/yybdYXQQhJr8bumSeLuiqnmHwo9BkPzSA=
github.com/bakape/thumbnailer v0.0.0-20181109212531-f191a43e9c3c h1:Q8X+ZsA71wSFFRd0isvIUEmpI2wIBSPXS75DSjyXfBo=
github.com/bakape/thumbnailer v0.0.0-20181109212531-f191a43e9c3c/go.mod h1:PVB2nXXJHD4KAUWn9HaNKtWeDeAb9BFQ7oDOAdZCKUM=
github.com/bakape/thumbnailer v0.0.0-20190207221116-53c8bb316f36 h1:kb3olTzzz2DcCrGKC6OYRbj2ffI56gO6lgUrTFl+/zE=
github.com/bakape/thumbnailer v0.0.0-20190207221116-53c8bb316f36/go.mod h1:PVB2nXXJHD4KAUWn9HaNKtWeDeAb9BFQ7oDOAdZCKUM=
github.com/bakape/thumbnailer v0.0.0-20190207231858-3dbb66a7acb5 h1:B6v+6SeDZr9z9cvcW6FOwOKRGs+IkMShPnoTDcG/0xE=
github.com/bakape/thumbnailer v0.0.0-20190207231858-3dbb66a7acb5/go.mod h1:PVB2nXXJHD4KAUWn9HaNKtWeDeAb9BFQ7oDOAdZCKUM=
github.com/bakape/thumbnailer v0.0.0-20190419231732-9bd6fcd43d22 h1:42HP+b3orjoOFq7rsg2iJNRXYmy40x/Zg5E/FX3pLHU=
github.com/bakape/thumbnailer v0.0.0-20190419231732-9bd6fcd43d22/go.mod h1:s7Sm20txJX+qAc11XFnLPqDPXnYShoscD3++dZKTxIc=
github.com/bakape/thumbnailer v0.0.0-20190421122149-f9b845baba30 h1:CtTJ9QIscPOLV2tOJAct3j5SWBg6wvFqv81VgL0QBfI=
github.com/bakape/thumbnailer v0.0.0-20190421122149-f9b845baba30/go.mod h1:s7Sm20txJX+qAc11XFnLPqDPXnYShoscD3++dZKTxIc=
github.com/bakape/thumbnailer v1.0.0 h1:fmaLCJ6sJ5wCAUmB3hhzgFAZ5G3cpueo3olI9N0ox3E=
github.com/bakape/thumbnailer v1.0.0/go.mod h1:PVB2nXXJHD4KAUWn9HaNKtWeDeAb9BFQ7oDOAdZCKUM=
github.com/bakape/thumbnailer/v2 v2.5.0 h1:EZ6tCK1fhaiTbomr7x7grQ2p01pfIjOYO4Z9XSZ3BCI=
github.com/bakape/thumbnailer/v2 v2.5.0/go.mod h1:M5EknW19dckfxYE1d8Kn7tih7HJuYwDJZdHK9a8LcT8=
github.com/chai2010/webp v1.0.0 h1:64IosJhW2aYYWvqZiexusoDQFTSfzcJA7DU6na7RKHM=
github.com/chai2010/webp v1.0.0/go.mod h1:LP12PG5IFmLGHUU26tBiCBKnghxx3toZFwDjOYvd3Ow=
github.com/davecgh/go-spew v1.1.0/go.mod h1:J7Y8YcW2NihsgmVo/mv3lAwl/skON4iLHjSsI+c5H38=
github.com/davecgh/go-spew v1.1.1/go.mod h1:J7Y8YcW2NihsgmVo/mv3lAwl/skON4iLHjSsI+c5H38=
github.com/dimfeld/httptreemux v5.0.1+incompatible h1:Qj3gVcDNoOthBAqftuD596rm4wg/adLLz5xh5CmpiCA=
github.com/dimfeld/httptreemux v5.0.1+incompatible/go.mod h1:rbUlSV+CCpv/SuqUTP/8Bk2O3LyUV436/yaRGkhP6Z0=
github.com/gorilla/handlers v1.4.0 h1:XulKRWSQK5uChr4pEgSE4Tc/OcmnU9GJuSwdog/tZsA=
github.com/gorilla/handlers v1.4.0/go.mod h1:Qkdc/uu4tH4g6mTK6auzZ766c4CA0Ng8+o/OAirnOIQ=
github.com/klauspost/compress v1.4.0/go.mod h1:RyIbtBH6LamlWaDj8nUwkbUhJ87Yi3uG0guNDohfE1A=
github.com/klauspost/compress v1.4.1/go.mod h1:RyIbtBH6LamlWaDj8nUwkbUhJ87Yi3uG0guNDohfE1A=
github.com/klauspost/cpuid v0.0.0-20180405133222-e7e905edc00e/go.mod h1:Pj4uuM528wm8OyEC2QMXAi2YiTZ96dNQPGgoMS4s3ek=
github.com/klauspost/cpuid v1.2.0/go.mod h1:Pj4uuM528wm8OyEC2QMXAi2YiTZ96dNQPGgoMS4s3ek=
github.com/lann/builder v0.0.0-20180802200727-47ae307949d0 h1:SOEGU9fKiNWd/HOJuq6+3iTQz8KNCLtVX6idSoTLdUw=
github.com/lann/builder v0.0.0-20180802200727-47ae307949d0/go.mod h1:dXGbAdH5GtBTC4WfIxhKZfyBF/HBFgRZSWwZ9g/He9o=
github.com/lann/ps v0.0.0-20150810152359-62de8c46ede0 h1:P6pPBnrTSX3DEVR4fDembhRWSsG5rVo6hYhAB/ADZrk=
github.com/lann/ps v0.0.0-20150810152359-62de8c46ede0/go.mod h1:vmVJ0l/dxyfGW6FmdpVm2joNMFikkuWg0EoCKLGUMNw=
github.com/lib/pq v1.0.0 h1:X5PMW56eZitiTeO7tKzZxFCSpbFZJtkMMooicw2us9A=
github.com/lib/pq v1.0.0/go.mod h1:5WUZQaWbwv1U+lTReE5YruASi9Al49XbQIvNi/34Woo=
github.com/mailru/easyjson v0.0.0-20180823135443-60711f1a8329 h1:2gxZ0XQIU/5z3Z3bUBu+FXuk2pFbkN6tcwi/pjyaDic=
github.com/mailru/easyjson v0.0.0-20180823135443-60711f1a8329/go.mod h1:C1wdFJiN94OJF2b5HbByQZoLdCWB1Yqtg26g4irojpc=
github.com/mattn/go-runewidth v0.0.4/go.mod h1:LwmH8dsx7+W8Uxz3IHJYH5QSwggIsqBzpuz5H//U1FU=
github.com/mattn/go-sqlite3 v1.10.0 h1:jbhqpg7tQe4SupckyijYiy0mJJ/pRyHvXf7JdWK860o=
github.com/mattn/go-sqlite3 v1.10.0/go.mod h1:FPy6KqzDD04eiIsT53CuJW3U88zkxoIYsOqkbpncsNc=
github.com/nwaples/rardecode v1.0.0 h1:r7vGuS5akxOnR4JQSkko62RJ1ReCMXxQRPtxsiFMBOs=
github.com/nwaples/rardecode v1.0.0/go.mod h1:5DzqNKiOdpKKBH87u8VlvAnPZMXcGRhxWkRpHbbfGS0=
github.com/olekukonko/tablewriter v0.0.1/go.mod h1:vsDQFd/mU46D+Z4whnwzcISnGGzXWMclvtLoiIKAKIo=
github.com/pmezard/go-difflib v1.0.0/go.mod h1:iKH77koFhYxTK1pcRnkKkqfTogsbg7gZNVY4sRDYZ/4=
github.com/stretchr/objx v0.1.0/go.mod h1:HFkY916IF+rwdDfMAkV7OtwuqBVzrE8GR6GFx+wExME=
github.com/stretchr/objx v0.1.1/go.mod h1:HFkY916IF+rwdDfMAkV7OtwuqBVzrE8GR6GFx+wExME=
github.com/stretchr/testify v1.2.2/go.mod h1:a8OnRcib4nhh0OaRAV+Yts87kKdq0PP7pXfy6kDkUVs=
github.com/stretchr/testify v1.3.0/go.mod h1:M5WIy9Dh21IEIfnGCwXGc5bZfKNJtfHm1UVUgZn+9EI=
github.com/valyala/bytebufferpool v1.0.0 h1:GqA5TC/0021Y/b9FG4Oi9Mr3q7XYx6KllzawFIhcdPw=
github.com/valyala/bytebufferpool v1.0.0/go.mod h1:6bBcMArwyJ5K/AmCkWv1jt77kVWyCJ6HpOuEn7z0Csc=
github.com/valyala/fasthttp v0.0.0-20180905170723-c6fd90e432cc/go.mod h1:+g/po7GqyG5E+1CNgquiIxJnsXEi5vwFn5weFujbO78=
github.com/valyala/fasthttp v1.1.0/go.mod h1:4vX61m6KN+xDduDNwXrhIAVZaZaZiQ1luJk8LWSxF3s=
github.com/valyala/quicktemplate v1.0.0 h1:lDPmM1AetDm736L5ZHGuVkMUA14+I0g3jbxWAozquGM=
github.com/valyala/quicktemplate v1.0.0/go.mod h1:uX8yrAzr955BRr+rAerWX4V1NHb8bFfsePffuN5lFso=
github.com/valyala/quicktemplate v1.0.2 h1:ZeVRKan1W/25u5f9ilDo5HWtdxD+QxR10WrZwxqLM54=
github.com/valyala/quicktemplate v1.0.2/go.mod h1:KZAB+RlYlfNtBUGQMzIrnE8uuNgD2SbUn5CpZyod0sk=
github.com/valyala/tcplisten v0.0.0-20161114210144-ceec8f93295a/go.mod h1:v3UYOV9WzVtRmSR+PDvWpU/qWl4Wa5LApYYX4ZtKbio=
golang.org/x/crypto v0.0.0-20190308221718-c2843e01d9a2/go.mod h1:djNgcEr1/C05ACkg1iLfiJU5Ep61QUkGW8qpdssI0+w=
golang.org/x/crypto v0.0.0-20190701094942-4def268fd1a4/go.mod h1:yigFU9vqHzYiE8UmvKecakEJjdnWj3jj499lnFckfCI=
golang.org/x/net v0.0.0-20180911220305-26e67e76b6c3/go.mod h1:mL1N/T3taQHkDXs73rZJwtUhF3w3ftmwwsq0BUmARs4=
golang.org/x/net v0.0.0-20181201002055-351d144fa1fc h1:a3CU5tJYVj92DY2LaA1kUkrsqD5/3mLDhx2NcNqyW+0=
golang.org/x/net v0.0.0-20181201002055-351d144fa1fc/go.mod h1:mL1N/T3taQHkDXs73rZJwtUhF3w3ftmwwsq0BUmARs4=
golang.org/x/net v0.0.0-20190110200230-915654e7eabc h1:Yx9JGxI1SBhVLFjpAkWMaO1TF+xyqtHLjZpvQboJGiM=
golang.org/x/net v0.0.0-20190110200230-915654e7eabc/go.mod h1:mL1N/T3taQHkDXs73rZJwtUhF3w3ftmwwsq0BUmARs4=
golang.org/x/net v0.0.0-20190206173232-65e2d4e15006 h1:bfLnR+k0tq5Lqt6dflRLcZiz6UaXCMt3vhYJ1l4FQ80=
golang.org/x/net v0.0.0-20190206173232-65e2d4e15006/go.mod h1:mL1N/T3taQHkDXs73rZJwtUhF3w3ftmwwsq0BUmARs4=
golang.org/x/net v0.0.0-20190404232315-eb5bcb51f2a3/go.mod h1:t9HGtf8HONx5eT2rtn7q6eTqICYqUVnKs3thJo3Qplg=
golang.org/x/net v0.0.0-20190620200207-3b0461eec859/go.mod h1:z5CRVTTTmAJ677TzLLGU+0bjPO0LkuOLi4/5GtJWs/s=
golang.org/x/net v0.0.0-20190813141303-74dc4d7220e7 h1:fHDIZ2oxGnUZRN6WgWFCbYBjH9uqVPRCUVUDhs0wnbA=
golang.org/x/net v0.0.0-20190813141303-74dc4d7220e7/go.mod h1:z5CRVTTTmAJ677TzLLGU+0bjPO0LkuOLi4/5GtJWs/s=
golang.org/x/sync v0.0.0-20190423024810-112230192c58/go.mod h1:RxMgew5VJxzue5/jJTE5uejpjVlOe/izrB70Jof72aM=
golang.org/x/sys v0.0.0-20190215142949-d0b11bdaac8a/go.mod h1:STP8DvDyc/dI5b8T5hshtkjS+E42TnysNCUPdjciGhY=
golang.org/x/sys v0.0.0-20190412213103-97732733099d/go.mod h1:h1NjWce9XRLGQEsW7wpKNCjG9DtNlClVuFLEZdDNbEs=
golang.org/x/sys v0.0.0-20190813064441-fde4db37ae7a/go.mod h1:h1NjWce9XRLGQEsW7wpKNCjG9DtNlClVuFLEZdDNbEs=
golang.org/x/text v0.3.0/go.mod h1:NqM8EUOU14njkJ3fqMW+pc6Ldnwhi/IjpwHt7yyuwOQ=
golang.org/x/text v0.3.2/go.mod h1:bEr9sfX3Q8Zfm5fL9x+3itogRgK3+ptLWKqgva+5dAk=
golang.org/x/tools v0.0.0-20180917221912-90fa682c2a6e/go.mod h1:n7NCudcB/nEzxVGmLbDWY5pfWTLqBcC2KZ6jyYvM4mQ=
golang.org/x/tools v0.0.0-20190816183240-caa95bb40b63/go.mod h1:b+2E5dAYhXwXZwtnZ6UAqBI28+e2cm9otk0dWdXHAEo=
golang.org/x/xerrors v0.0.0-20190717185122-a985d3407aa7/go.mod h1:I/5z698sn9Ka8TeJc9MKroUUfqBBauWjQqLJ2OPfmY0=
